github.com/davecgh/go-spew v1.1.0/go.mod h1:J7Y8YcW2NihsgmVo/mv3lAwl/skON4iLHjSsI+c5H38=
github.com/flywave/go-mst v0.0.0-20210524052845-1ca7cc6c246f h1:BvZEL12yMzzx1yH7juy+gj5v9ppAhSJmutW3rd9HIrY=
github.com/flywave/go-mst v0.0.0-20210524052845-1ca7cc6c246f/go.mod h1:mdJ5VMpy1BtnDy0u/UL9w2AURmgCGTnxpoJ4uKKdUSA=
github.com/flywave/go3d v0.0.0-20211005091456-f6cf94b6f807 h1:r6Lk0xD9g7QORUVPoje8zL7FAoNe3JDAsjxO5/xtuTM=
github.com/flywave/go3d v0.0.0-20211005091456-f6cf94b6f807/go.mod h1:0/K6WtaMwhhVJb84xWStt+ALQl2EdvzW2oJqz+330GU=
github.com/go-playground/locales v0.12.1/go.mod h1:IUMDtCfWo/w/mtMfIE/IG2K+Ey3ygWanZIBtBW0W2TM=
github.com/go-playground/locales v0.14.0 h1:u50s323jtVGugKlcYeyzC0etD1HifMjqmJqb8WugfUU=
github.com/go-playground/locales v0.14.0/go.mod h1:sawfccIbzZTqEDETgFXqTho0QybSa7l++s0DH+LDiLs=
github.com/go-playground/universal-translator v0.16.0/go.mod h1:1AnU7NaIRDWWzGEKwgtJRd2xk99HeFyHw3yid4rvQIY=
github.com/go-playground/universal-translator v0.18.0 h1:82dyy6p4OuJq4/CByFNOn/jYrnRPArHwAcmLoJZxyho=
github.com/go-playground/universal-translator v0.18.0/go.mod h1:UvRDBj+xPUEGrFYl+lu/H90nyDXpg0fqeB/AQUGNTVA=
github.com/go-playground/validator v9.26.0+incompatible/go.mod h1:yrEkQXlcI+PugkyDjY2bRrL/UBU4f3rvrgkN3V8JEig=
github.com/go-playground/validator v9.31.0+incompatible h1:UA72EPEogEnq76ehGdEDp4Mit+3FDh548oRqwVgNsHA=
github.com/go-playground/validator v9.31.0+incompatible/go.mod h1:yrEkQXlcI+PugkyDjY2bRrL/UBU4f3rvrgkN3V8JEig=
github.com/go-test/deep v1.0.1/go.mod h1:wGDj63lr65AM2AQyKZd/NYHGb0R+1RLqB8NKt3aSFNA=
github.com/leodido/go-urn v1.1.0/go.mod h1:+cyI34gQWZcE1eQU7NVgKkkzdXDQHr1dBMtdAPozLkw=
github.com/leodido/go-urn v1.2.1 h1:BqpAaACuzVSgi/VLzGZIobT2z4v53pjosyNd9Yv6n/w=
github.com/leodido/go-urn v1.2.1/go.mod h1:zt4jvISO2HfUBqxjfIshjdMTYS56ZS/qv49ictyFfxY=
github.com/pmezard/go-difflib v1.0.0/go.mod h1:iKH77koFhYxTK1pcRnkKkqfTogsbg7gZNVY4sRDYZ/4=
github.com/qmuntal/gltf v0.9.1 h1:HDbN5v1jxeC3GtTWHnK7wtBS7UxH/z1KpkP74KxHB4s=
github.com/qmuntal/gltf v0.9.1/go.mod h1:o1bcuV79HT5zOqZ3RgKapXdLmuH1kLV6lbul8ouwTz0=
github.com/qmuntal/gltf v0.20.2 h1:hlVYHHcQmklvHzWShzvWwBv8H6UbxhPSwCy2TrQHY10=
github.com/qmuntal/gltf v0.20.2/go.mod h1:ENqYfECmeaqs2BWXWe6OKtMC8ucZII6s9OHr6F5oZ94=
github.com/stretchr/objx v0.1.0/go.mod h1:HFkY916IF+rwdDfMAkV7OtwuqBVzrE8GR6GFx+wExME=
github.com/stretchr/testify v1.3.0/go.mod h1:M5WIy9Dh21IEIfnGCwXGc5bZfKNJtfHm1UVUgZn+9EI=
github.com/stretchr/testify v1.6.1/go.mod h1:6Fq8oRcR53rry900zMqJjRRixrwX3KX962/h/Wwjteg=
golang.org/x/text v0.3.6/go.mod h1:5Zoc/QRtKVWzQhOtBMvqHzDpF6irO9z98xDceosuGiQ=
golang.org/x/tools v0.0.0-20180917221912-90fa682c2a6e/go.mod h1:n7NCudcB/nEzxVGmLbDWY5pfWTLqBcC2KZ6jyYvM4mQ=
gopkg.in/check.v1 v0.0.0-20161208181325-20d25e280405/go.mod h1:Co6ibVJAznAaIkqp8huTwlJQCZ016jof/cbN4VW5Yz0=
gopkg.in/go-playground/assert.v1 v1.2.1/go.mod h1:9RXL0bg/zibRAgZUYszZSwO/z8Y/a8bDuhia5mkpMnE=
gopkg.in/yaml.v3 v3.0.0-20200313102051-9f266ea9e77c/go.mod h1:K4uyk7z7BCEPqu6E+C64Yfv1cQ7kz7rIZviUmN+EgEM=
